{
  "requires": true,
  "lockfileVersion": 1,
  "dependencies": {
    "cordova-plugin-x-socialsharing": {
      "version": "5.4.0",
      "resolved": "https://registry.npmjs.org/cordova-plugin-x-socialsharing/-/cordova-plugin-x-socialsharing-5.4.0.tgz",
      "integrity": "sha1-dKBMGfSgUkmd2moNxtJPwRvzEaY="
    },
    "cordova-zip-plugin": {
      "version": "1.1.0",
      "resolved": "https://registry.npmjs.org/cordova-zip-plugin/-/cordova-zip-plugin-1.1.0.tgz",
      "integrity": "sha512-OUKt15Of1iez+IbQLlh3tvhE4CVjePqAaxR/zgIEOKWe0cEZa2k4j53LmQ/HdkKCCuPCCzAyHF9ZBXFnn/j/dw=="
    },
    "cordova.plugins.diagnostic": {
      "version": "3.9.2",
      "resolved": "https://registry.npmjs.org/cordova.plugins.diagnostic/-/cordova.plugins.diagnostic-3.9.2.tgz",
      "integrity": "sha1-FBAS/q+7X7PoRNkoWCpK4GuzgWw="
    },
    "es6-promise-plugin": {
      "version": "git+https://github.com/vstirbu/PromisesPlugin.git#adbcfa4a3eb1183f8c91832d28c3be6f9ddcad52",
      "from": "git+https://github.com/vstirbu/PromisesPlugin.git"
    }
  }
}
